// !$*UTF8*$!
{
	archiveVersion = 1;
	classes = {
	};
	objectVersion = 50;
	objects = {

/* Begin PBXBuildFile section */
		76C93DD9242A606300A1C83D /* AppDelegate.swift in Sources */ = {isa = PBXBuildFile; fileRef = 76C93DD8242A606300A1C83D /* AppDelegate.swift */; };
		76C93DDB242A606300A1C83D /* SceneDelegate.swift in Sources */ = {isa = PBXBuildFile; fileRef = 76C93DDA242A606300A1C83D /* SceneDelegate.swift */; };
		76C93DE2242A606400A1C83D /* Assets.xcassets in Resources */ = {isa = PBXBuildFile; fileRef = 76C93DE1242A606400A1C83D /* Assets.xcassets */; };
		76C93DF0242A606400A1C83D /* DStv_Chat_Client_SwiftTests.swift in Sources */ = {isa = PBXBuildFile; fileRef = 76C93DEF242A606400A1C83D /* DStv_Chat_Client_SwiftTests.swift */; };
		76C93DFB242A606500A1C83D /* DStv_Chat_Client_SwiftUITests.swift in Sources */ = {isa = PBXBuildFile; fileRef = 76C93DFA242A606500A1C83D /* DStv_Chat_Client_SwiftUITests.swift */; };
		76C93E09242A607F00A1C83D /* LoginViewController.swift in Sources */ = {isa = PBXBuildFile; fileRef = 76C93E08242A607F00A1C83D /* LoginViewController.swift */; };
		76C93E10242A6ED100A1C83D /* UIView+Extension.swift in Sources */ = {isa = PBXBuildFile; fileRef = 76C93E0F242A6ED100A1C83D /* UIView+Extension.swift */; };
		76C93E1A242B8C1000A1C83D /* UITextField+Extension.swift in Sources */ = {isa = PBXBuildFile; fileRef = 76C93E19242B8C1000A1C83D /* UITextField+Extension.swift */; };
		76C93E1C242B94EA00A1C83D /* LoginViewModel.swift in Sources */ = {isa = PBXBuildFile; fileRef = 76C93E1B242B94EA00A1C83D /* LoginViewModel.swift */; };
		76C93E1F242BA0EB00A1C83D /* User.swift in Sources */ = {isa = PBXBuildFile; fileRef = 76C93E1E242BA0EB00A1C83D /* User.swift */; };
		76C93E23242BA68200A1C83D /* ServiceClient.swift in Sources */ = {isa = PBXBuildFile; fileRef = 76C93E22242BA68200A1C83D /* ServiceClient.swift */; };
		76C93E25242BA6CF00A1C83D /* NetworkService.swift in Sources */ = {isa = PBXBuildFile; fileRef = 76C93E24242BA6CF00A1C83D /* NetworkService.swift */; };
		76C93E27242BB18500A1C83D /* LoginService.swift in Sources */ = {isa = PBXBuildFile; fileRef = 76C93E26242BB18500A1C83D /* LoginService.swift */; };
		76C93E2B242BBC6200A1C83D /* MainViewController.swift in Sources */ = {isa = PBXBuildFile; fileRef = 76C93E2A242BBC6200A1C83D /* MainViewController.swift */; };
		76C93E2D242BC05200A1C83D /* Dictionary+Extension.swift in Sources */ = {isa = PBXBuildFile; fileRef = 76C93E2C242BC05200A1C83D /* Dictionary+Extension.swift */; };
		76C93E2F242BC0B100A1C83D /* Encodable+Extension.swift in Sources */ = {isa = PBXBuildFile; fileRef = 76C93E2E242BC0B100A1C83D /* Encodable+Extension.swift */; };
		76C93E32242BCB0400A1C83D /* LoginResponse.swift in Sources */ = {isa = PBXBuildFile; fileRef = 76C93E31242BCB0400A1C83D /* LoginResponse.swift */; };
		76C93E36242BDDD500A1C83D /* FriendsTableViewController.swift in Sources */ = {isa = PBXBuildFile; fileRef = 76C93E35242BDDD500A1C83D /* FriendsTableViewController.swift */; };
		76C93E38242BE81900A1C83D /* FriendsListViewModel.swift in Sources */ = {isa = PBXBuildFile; fileRef = 76C93E37242BE81900A1C83D /* FriendsListViewModel.swift */; };
		76C93E3A242BE85700A1C83D /* FriendsService.swift in Sources */ = {isa = PBXBuildFile; fileRef = 76C93E39242BE85700A1C83D /* FriendsService.swift */; };
		76C93E3C242BE8D500A1C83D /* FriendsRequestParam.swift in Sources */ = {isa = PBXBuildFile; fileRef = 76C93E3B242BE8D500A1C83D /* FriendsRequestParam.swift */; };
		76C93E3E242BEB0B00A1C83D /* Friend.swift in Sources */ = {isa = PBXBuildFile; fileRef = 76C93E3D242BEB0B00A1C83D /* Friend.swift */; };
		76C93E40242BF3AA00A1C83D /* FriendTableViewCell.swift in Sources */ = {isa = PBXBuildFile; fileRef = 76C93E3F242BF3AA00A1C83D /* FriendTableViewCell.swift */; };
		76C93E43242BFA0900A1C83D /* UIImage+Extention.swift in Sources */ = {isa = PBXBuildFile; fileRef = 76C93E42242BFA0900A1C83D /* UIImage+Extention.swift */; };
		76C93E47242C66C400A1C83D /* DetailsViewController.swift in Sources */ = {isa = PBXBuildFile; fileRef = 76C93E46242C66C400A1C83D /* DetailsViewController.swift */; };
		76C93E4A242C6D6400A1C83D /* DetailsView.swift in Sources */ = {isa = PBXBuildFile; fileRef = 76C93E49242C6D6400A1C83D /* DetailsView.swift */; };
		76C93E4C242C828700A1C83D /* MemberOnlineStatus.swift in Sources */ = {isa = PBXBuildFile; fileRef = 76C93E4B242C828700A1C83D /* MemberOnlineStatus.swift */; };
		76C93E4E242C98DB00A1C83D /* UserDataView.swift in Sources */ = {isa = PBXBuildFile; fileRef = 76C93E4D242C98DB00A1C83D /* UserDataView.swift */; };
		76C93E52242CC16300A1C83D /* LaunchScreen.storyboard in Resources */ = {isa = PBXBuildFile; fileRef = 76C93E4F242CC16300A1C83D /* LaunchScreen.storyboard */; };
		76C93E53242CC16300A1C83D /* Main.storyboard in Resources */ = {isa = PBXBuildFile; fileRef = 76C93E50242CC16300A1C83D /* Main.storyboard */; };
		76C93E54242CC16300A1C83D /* ViewController.swift in Sources */ = {isa = PBXBuildFile; fileRef = 76C93E51242CC16300A1C83D /* ViewController.swift */; };
		76C93E56242CC97D00A1C83D /* Localizable.strings in Resources */ = {isa = PBXBuildFile; fileRef = 76C93E55242CC97D00A1C83D /* Localizable.strings */; };
		76C93E58242CC9FE00A1C83D /* NetworkReachability.swift in Sources */ = {isa = PBXBuildFile; fileRef = 76C93E57242CC9FE00A1C83D /* NetworkReachability.swift */; };
/* End PBXBuildFile section */

/* Begin PBXContainerItemProxy section */
		76C93DEC242A606400A1C83D /* PBXContainerItemProxy */ = {
			isa = PBXContainerItemProxy;
			containerPortal = 76C93DCD242A606300A1C83D /* Project object */;
			proxyType = 1;
			remoteGlobalIDString = 76C93DD4242A606300A1C83D;
			remoteInfo = "DStv-Chat-Client-Swift";
		};
		76C93DF7242A606500A1C83D /* PBXContainerItemProxy */ = {
			isa = PBXContainerItemProxy;
			containerPortal = 76C93DCD242A606300A1C83D /* Project object */;
			proxyType = 1;
			remoteGlobalIDString = 76C93DD4242A606300A1C83D;
			remoteInfo = "DStv-Chat-Client-Swift";
		};
/* End PBXContainerItemProxy section */

/* Begin PBXFileReference section */
		76C93DD5242A606300A1C83D /* DStv-Chat-Client-Swift.app */ = {isa = PBXFileReference; explicitFileType = wrapper.application; includeInIndex = 0; path = "DStv-Chat-Client-Swift.app"; sourceTree = BUILT_PRODUCTS_DIR; };
		76C93DD8242A606300A1C83D /* AppDelegate.swift */ = {isa = PBXFileReference; lastKnownFileType = sourcecode.swift; path = AppDelegate.swift; sourceTree = "<group>"; };
		76C93DDA242A606300A1C83D /* SceneDelegate.swift */ = {isa = PBXFileReference; lastKnownFileType = sourcecode.swift; path = SceneDelegate.swift; sourceTree = "<group>"; };
		76C93DE1242A606400A1C83D /* Assets.xcassets */ = {isa = PBXFileReference; lastKnownFileType = folder.assetcatalog; path = Assets.xcassets; sourceTree = "<group>"; };
		76C93DE6242A606400A1C83D /* Info.plist */ = {isa = PBXFileReference; lastKnownFileType = text.plist.xml; path = Info.plist; sourceTree = "<group>"; };
		76C93DEB242A606400A1C83D /* DStv-Chat-Client-SwiftTests.xctest */ = {isa = PBXFileReference; explicitFileType = wrapper.cfbundle; includeInIndex = 0; path = "DStv-Chat-Client-SwiftTests.xctest"; sourceTree = BUILT_PRODUCTS_DIR; };
		76C93DEF242A606400A1C83D /* DStv_Chat_Client_SwiftTests.swift */ = {isa = PBXFileReference; lastKnownFileType = sourcecode.swift; path = DStv_Chat_Client_SwiftTests.swift; sourceTree = "<group>"; };
		76C93DF1242A606400A1C83D /* Info.plist */ = {isa = PBXFileReference; lastKnownFileType = text.plist.xml; path = Info.plist; sourceTree = "<group>"; };
		76C93DF6242A606500A1C83D /* DStv-Chat-Client-SwiftUITests.xctest */ = {isa = PBXFileReference; explicitFileType = wrapper.cfbundle; includeInIndex = 0; path = "DStv-Chat-Client-SwiftUITests.xctest"; sourceTree = BUILT_PRODUCTS_DIR; };
		76C93DFA242A606500A1C83D /* DStv_Chat_Client_SwiftUITests.swift */ = {isa = PBXFileReference; lastKnownFileType = sourcecode.swift; path = DStv_Chat_Client_SwiftUITests.swift; sourceTree = "<group>"; };
		76C93DFC242A606500A1C83D /* Info.plist */ = {isa = PBXFileReference; lastKnownFileType = text.plist.xml; path = Info.plist; sourceTree = "<group>"; };
		76C93E08242A607F00A1C83D /* LoginViewController.swift */ = {isa = PBXFileReference; lastKnownFileType = sourcecode.swift; path = LoginViewController.swift; sourceTree = "<group>"; };
		76C93E0F242A6ED100A1C83D /* UIView+Extension.swift */ = {isa = PBXFileReference; lastKnownFileType = sourcecode.swift; path = "UIView+Extension.swift"; sourceTree = "<group>"; };
		76C93E19242B8C1000A1C83D /* UITextField+Extension.swift */ = {isa = PBXFileReference; lastKnownFileType = sourcecode.swift; path = "UITextField+Extension.swift"; sourceTree = "<group>"; };
		76C93E1B242B94EA00A1C83D /* LoginViewModel.swift */ = {isa = PBXFileReference; lastKnownFileType = sourcecode.swift; path = LoginViewModel.swift; sourceTree = "<group>"; };
		76C93E1E242BA0EB00A1C83D /* User.swift */ = {isa = PBXFileReference; lastKnownFileType = sourcecode.swift; path = User.swift; sourceTree = "<group>"; };
		76C93E22242BA68200A1C83D /* ServiceClient.swift */ = {isa = PBXFileReference; lastKnownFileType = sourcecode.swift; path = ServiceClient.swift; sourceTree = "<group>"; };
		76C93E24242BA6CF00A1C83D /* NetworkService.swift */ = {isa = PBXFileReference; lastKnownFileType = sourcecode.swift; path = NetworkService.swift; sourceTree = "<group>"; };
		76C93E26242BB18500A1C83D /* LoginService.swift */ = {isa = PBXFileReference; lastKnownFileType = sourcecode.swift; path = LoginService.swift; sourceTree = "<group>"; };
		76C93E2A242BBC6200A1C83D /* MainViewController.swift */ = {isa = PBXFileReference; lastKnownFileType = sourcecode.swift; path = MainViewController.swift; sourceTree = "<group>"; };
		76C93E2C242BC05200A1C83D /* Dictionary+Extension.swift */ = {isa = PBXFileReference; lastKnownFileType = sourcecode.swift; path = "Dictionary+Extension.swift"; sourceTree = "<group>"; };
		76C93E2E242BC0B100A1C83D /* Encodable+Extension.swift */ = {isa = PBXFileReference; lastKnownFileType = sourcecode.swift; path = "Encodable+Extension.swift"; sourceTree = "<group>"; };
		76C93E31242BCB0400A1C83D /* LoginResponse.swift */ = {isa = PBXFileReference; lastKnownFileType = sourcecode.swift; path = LoginResponse.swift; sourceTree = "<group>"; };
		76C93E35242BDDD500A1C83D /* FriendsTableViewController.swift */ = {isa = PBXFileReference; lastKnownFileType = sourcecode.swift; path = FriendsTableViewController.swift; sourceTree = "<group>"; };
		76C93E37242BE81900A1C83D /* FriendsListViewModel.swift */ = {isa = PBXFileReference; lastKnownFileType = sourcecode.swift; path = FriendsListViewModel.swift; sourceTree = "<group>"; };
		76C93E39242BE85700A1C83D /* FriendsService.swift */ = {isa = PBXFileReference; lastKnownFileType = sourcecode.swift; path = FriendsService.swift; sourceTree = "<group>"; };
		76C93E3B242BE8D500A1C83D /* FriendsRequestParam.swift */ = {isa = PBXFileReference; lastKnownFileType = sourcecode.swift; path = FriendsRequestParam.swift; sourceTree = "<group>"; };
		76C93E3D242BEB0B00A1C83D /* Friend.swift */ = {isa = PBXFileReference; lastKnownFileType = sourcecode.swift; path = Friend.swift; sourceTree = "<group>"; };
		76C93E3F242BF3AA00A1C83D /* FriendTableViewCell.swift */ = {isa = PBXFileReference; lastKnownFileType = sourcecode.swift; path = FriendTableViewCell.swift; sourceTree = "<group>"; };
		76C93E42242BFA0900A1C83D /* UIImage+Extention.swift */ = {isa = PBXFileReference; lastKnownFileType = sourcecode.swift; path = "UIImage+Extention.swift"; sourceTree = "<group>"; };
		76C93E46242C66C400A1C83D /* DetailsViewController.swift */ = {isa = PBXFileReference; lastKnownFileType = sourcecode.swift; path = DetailsViewController.swift; sourceTree = "<group>"; };
		76C93E49242C6D6400A1C83D /* DetailsView.swift */ = {isa = PBXFileReference; lastKnownFileType = sourcecode.swift; path = DetailsView.swift; sourceTree = "<group>"; };
		76C93E4B242C828700A1C83D /* MemberOnlineStatus.swift */ = {isa = PBXFileReference; lastKnownFileType = sourcecode.swift; path = MemberOnlineStatus.swift; sourceTree = "<group>"; };
		76C93E4D242C98DB00A1C83D /* UserDataView.swift */ = {isa = PBXFileReference; lastKnownFileType = sourcecode.swift; path = UserDataView.swift; sourceTree = "<group>"; };
		76C93E4F242CC16300A1C83D /* LaunchScreen.storyboard */ = {isa = PBXFileReference; fileEncoding = 4; lastKnownFileType = file.storyboard; path = LaunchScreen.storyboard; sourceTree = "<group>"; };
		76C93E50242CC16300A1C83D /* Main.storyboard */ = {isa = PBXFileReference; fileEncoding = 4; lastKnownFileType = file.storyboard; path = Main.storyboard; sourceTree = "<group>"; };
		76C93E51242CC16300A1C83D /* ViewController.swift */ = {isa = PBXFileReference; fileEncoding = 4; lastKnownFileType = sourcecode.swift; path = ViewController.swift; sourceTree = "<group>"; };
		76C93E55242CC97D00A1C83D /* Localizable.strings */ = {isa = PBXFileReference; lastKnownFileType = text.plist.strings; path = Localizable.strings; sourceTree = "<group>"; };
		76C93E57242CC9FE00A1C83D /* NetworkReachability.swift */ = {isa = PBXFileReference; lastKnownFileType = sourcecode.swift; path = NetworkReachability.swift; sourceTree = "<group>"; };
/* End PBXFileReference section */

/* Begin PBXFrameworksBuildPhase section */
		76C93DD2242A606300A1C83D /* Frameworks */ = {
			isa = PBXFrameworksBuildPhase;
			buildActionMask = 2147483647;
			files = (
			);
			runOnlyForDeploymentPostprocessing = 0;
		};
		76C93DE8242A606400A1C83D /* Frameworks */ = {
			isa = PBXFrameworksBuildPhase;
			buildActionMask = 2147483647;
			files = (
			);
			runOnlyForDeploymentPostprocessing = 0;
		};
		76C93DF3242A606500A1C83D /* Frameworks */ = {
			isa = PBXFrameworksBuildPhase;
			buildActionMask = 2147483647;
			files = (
			);
			runOnlyForDeploymentPostprocessing = 0;
		};
/* End PBXFrameworksBuildPhase section */

/* Begin PBXGroup section */
		76C93DCC242A606300A1C83D = {
			isa = PBXGroup;
			children = (
				76C93DD7242A606300A1C83D /* DStv-Chat-Client-Swift */,
				76C93DEE242A606400A1C83D /* DStv-Chat-Client-SwiftTests */,
				76C93DF9242A606500A1C83D /* DStv-Chat-Client-SwiftUITests */,
				76C93DD6242A606300A1C83D /* Products */,
			);
			sourceTree = "<group>";
		};
		76C93DD6242A606300A1C83D /* Products */ = {
			isa = PBXGroup;
			children = (
				76C93DD5242A606300A1C83D /* DStv-Chat-Client-Swift.app */,
				76C93DEB242A606400A1C83D /* DStv-Chat-Client-SwiftTests.xctest */,
				76C93DF6242A606500A1C83D /* DStv-Chat-Client-SwiftUITests.xctest */,
			);
			name = Products;
			sourceTree = "<group>";
		};
		76C93DD7242A606300A1C83D /* DStv-Chat-Client-Swift */ = {
			isa = PBXGroup;
			children = (
				76C93E0E242A6EAB00A1C83D /* Common */,
				76C93E0C242A609600A1C83D /* Details */,
				76C93E0B242A608F00A1C83D /* Friends */,
				76C93E0A242A608300A1C83D /* Login */,
				76C93DD8242A606300A1C83D /* AppDelegate.swift */,
				76C93E4F242CC16300A1C83D /* LaunchScreen.storyboard */,
				76C93E50242CC16300A1C83D /* Main.storyboard */,
				76C93E51242CC16300A1C83D /* ViewController.swift */,
				76C93DDA242A606300A1C83D /* SceneDelegate.swift */,
				76C93DE1242A606400A1C83D /* Assets.xcassets */,
				76C93DE6242A606400A1C83D /* Info.plist */,
				76C93E55242CC97D00A1C83D /* Localizable.strings */,
			);
			path = "DStv-Chat-Client-Swift";
			sourceTree = "<group>";
		};
		76C93DEE242A606400A1C83D /* DStv-Chat-Client-SwiftTests */ = {
			isa = PBXGroup;
			children = (
				76C93DEF242A606400A1C83D /* DStv_Chat_Client_SwiftTests.swift */,
				76C93DF1242A606400A1C83D /* Info.plist */,
			);
			path = "DStv-Chat-Client-SwiftTests";
			sourceTree = "<group>";
		};
		76C93DF9242A606500A1C83D /* DStv-Chat-Client-SwiftUITests */ = {
			isa = PBXGroup;
			children = (
				76C93DFA242A606500A1C83D /* DStv_Chat_Client_SwiftUITests.swift */,
				76C93DFC242A606500A1C83D /* Info.plist */,
			);
			path = "DStv-Chat-Client-SwiftUITests";
			sourceTree = "<group>";
		};
		76C93E0A242A608300A1C83D /* Login */ = {
			isa = PBXGroup;
			children = (
				76C93E08242A607F00A1C83D /* LoginViewController.swift */,
				76C93E1B242B94EA00A1C83D /* LoginViewModel.swift */,
				76C93E1E242BA0EB00A1C83D /* User.swift */,
				76C93E26242BB18500A1C83D /* LoginService.swift */,
				76C93E31242BCB0400A1C83D /* LoginResponse.swift */,
			);
			path = Login;
			sourceTree = "<group>";
		};
		76C93E0B242A608F00A1C83D /* Friends */ = {
			isa = PBXGroup;
			children = (
				76C93E35242BDDD500A1C83D /* FriendsTableViewController.swift */,
				76C93E37242BE81900A1C83D /* FriendsListViewModel.swift */,
				76C93E39242BE85700A1C83D /* FriendsService.swift */,
				76C93E3B242BE8D500A1C83D /* FriendsRequestParam.swift */,
				76C93E3D242BEB0B00A1C83D /* Friend.swift */,
				76C93E3F242BF3AA00A1C83D /* FriendTableViewCell.swift */,
			);
			path = Friends;
			sourceTree = "<group>";
		};
		76C93E0C242A609600A1C83D /* Details */ = {
			isa = PBXGroup;
			children = (
				76C93E46242C66C400A1C83D /* DetailsViewController.swift */,
				76C93E49242C6D6400A1C83D /* DetailsView.swift */,
				76C93E4D242C98DB00A1C83D /* UserDataView.swift */,
			);
			path = Details;
			sourceTree = "<group>";
		};
		76C93E0E242A6EAB00A1C83D /* Common */ = {
			isa = PBXGroup;
			children = (
				76C93E0F242A6ED100A1C83D /* UIView+Extension.swift */,
				76C93E19242B8C1000A1C83D /* UITextField+Extension.swift */,
				76C93E22242BA68200A1C83D /* ServiceClient.swift */,
				76C93E24242BA6CF00A1C83D /* NetworkService.swift */,
				76C93E2A242BBC6200A1C83D /* MainViewController.swift */,
				76C93E2C242BC05200A1C83D /* Dictionary+Extension.swift */,
				76C93E2E242BC0B100A1C83D /* Encodable+Extension.swift */,
				76C93E42242BFA0900A1C83D /* UIImage+Extention.swift */,
				76C93E4B242C828700A1C83D /* MemberOnlineStatus.swift */,
				76C93E57242CC9FE00A1C83D /* NetworkReachability.swift */,
			);
			path = Common;
			sourceTree = "<group>";
		};
/* End PBXGroup section */

/* Begin PBXNativeTarget section */
		76C93DD4242A606300A1C83D /* DStv-Chat-Client-Swift */ = {
			isa = PBXNativeTarget;
			buildConfigurationList = 76C93DFF242A606500A1C83D /* Build configuration list for PBXNativeTarget "DStv-Chat-Client-Swift" */;
			buildPhases = (
				76C93DD1242A606300A1C83D /* Sources */,
				76C93DD2242A606300A1C83D /* Frameworks */,
				76C93DD3242A606300A1C83D /* Resources */,
			);
			buildRules = (
			);
			dependencies = (
			);
			name = "DStv-Chat-Client-Swift";
			productName = "DStv-Chat-Client-Swift";
			productReference = 76C93DD5242A606300A1C83D /* DStv-Chat-Client-Swift.app */;
			productType = "com.apple.product-type.application";
		};
		76C93DEA242A606400A1C83D /* DStv-Chat-Client-SwiftTests */ = {
			isa = PBXNativeTarget;
			buildConfigurationList = 76C93E02242A606500A1C83D /* Build configuration list for PBXNativeTarget "DStv-Chat-Client-SwiftTests" */;
			buildPhases = (
				76C93DE7242A606400A1C83D /* Sources */,
				76C93DE8242A606400A1C83D /* Frameworks */,
				76C93DE9242A606400A1C83D /* Resources */,
			);
			buildRules = (
			);
			dependencies = (
				76C93DED242A606400A1C83D /* PBXTargetDependency */,
			);
			name = "DStv-Chat-Client-SwiftTests";
			productName = "DStv-Chat-Client-SwiftTests";
			productReference = 76C93DEB242A606400A1C83D /* DStv-Chat-Client-SwiftTests.xctest */;
			productType = "com.apple.product-type.bundle.unit-test";
		};
		76C93DF5242A606500A1C83D /* DStv-Chat-Client-SwiftUITests */ = {
			isa = PBXNativeTarget;
			buildConfigurationList = 76C93E05242A606500A1C83D /* Build configuration list for PBXNativeTarget "DStv-Chat-Client-SwiftUITests" */;
			buildPhases = (
				76C93DF2242A606500A1C83D /* Sources */,
				76C93DF3242A606500A1C83D /* Frameworks */,
				76C93DF4242A606500A1C83D /* Resources */,
			);
			buildRules = (
			);
			dependencies = (
				76C93DF8242A606500A1C83D /* PBXTargetDependency */,
			);
			name = "DStv-Chat-Client-SwiftUITests";
			productName = "DStv-Chat-Client-SwiftUITests";
			productReference = 76C93DF6242A606500A1C83D /* DStv-Chat-Client-SwiftUITests.xctest */;
			productType = "com.apple.product-type.bundle.ui-testing";
		};
/* End PBXNativeTarget section */

/* Begin PBXProject section */
		76C93DCD242A606300A1C83D /* Project object */ = {
			isa = PBXProject;
			attributes = {
				LastSwiftUpdateCheck = 1130;
				LastUpgradeCheck = 1130;
				ORGANIZATIONNAME = "Kudzaiishe Mhou";
				TargetAttributes = {
					76C93DD4242A606300A1C83D = {
						CreatedOnToolsVersion = 11.3.1;
					};
					76C93DEA242A606400A1C83D = {
						CreatedOnToolsVersion = 11.3.1;
						TestTargetID = 76C93DD4242A606300A1C83D;
					};
					76C93DF5242A606500A1C83D = {
						CreatedOnToolsVersion = 11.3.1;
						TestTargetID = 76C93DD4242A606300A1C83D;
					};
				};
			};
			buildConfigurationList = 76C93DD0242A606300A1C83D /* Build configuration list for PBXProject "DStv-Chat-Client-Swift" */;
			compatibilityVersion = "Xcode 9.3";
			developmentRegion = en;
			hasScannedForEncodings = 0;
			knownRegions = (
				en,
				Base,
			);
			mainGroup = 76C93DCC242A606300A1C83D;
			productRefGroup = 76C93DD6242A606300A1C83D /* Products */;
			projectDirPath = "";
			projectRoot = "";
			targets = (
				76C93DD4242A606300A1C83D /* DStv-Chat-Client-Swift */,
				76C93DEA242A606400A1C83D /* DStv-Chat-Client-SwiftTests */,
				76C93DF5242A606500A1C83D /* DStv-Chat-Client-SwiftUITests */,
			);
		};
/* End PBXProject section */

/* Begin PBXResourcesBuildPhase section */
		76C93DD3242A606300A1C83D /* Resources */ = {
			isa = PBXResourcesBuildPhase;
			buildActionMask = 2147483647;
			files = (
				76C93E53242CC16300A1C83D /* Main.storyboard in Resources */,
				76C93E56242CC97D00A1C83D /* Localizable.strings in Resources */,
				76C93DE2242A606400A1C83D /* Assets.xcassets in Resources */,
				76C93E52242CC16300A1C83D /* LaunchScreen.storyboard in Resources */,
			);
			runOnlyForDeploymentPostprocessing = 0;
		};
		76C93DE9242A606400A1C83D /* Resources */ = {
			isa = PBXResourcesBuildPhase;
			buildActionMask = 2147483647;
			files = (
			);
			runOnlyForDeploymentPostprocessing = 0;
		};
		76C93DF4242A606500A1C83D /* Resources */ = {
			isa = PBXResourcesBuildPhase;
			buildActionMask = 2147483647;
			files = (
			);
			runOnlyForDeploymentPostprocessing = 0;
		};
/* End PBXResourcesBuildPhase section */

/* Begin PBXSourcesBuildPhase section */
		76C93DD1242A606300A1C83D /* Sources */ = {
			isa = PBXSourcesBuildPhase;
			buildActionMask = 2147483647;
			files = (
				76C93E38242BE81900A1C83D /* FriendsListViewModel.swift in Sources */,
				76C93E47242C66C400A1C83D /* DetailsViewController.swift in Sources */,
				76C93E23242BA68200A1C83D /* ServiceClient.swift in Sources */,
				76C93E10242A6ED100A1C83D /* UIView+Extension.swift in Sources */,
				76C93E09242A607F00A1C83D /* LoginViewController.swift in Sources */,
				76C93E4A242C6D6400A1C83D /* DetailsView.swift in Sources */,
				76C93E2F242BC0B100A1C83D /* Encodable+Extension.swift in Sources */,
				76C93E2B242BBC6200A1C83D /* MainViewController.swift in Sources */,
				76C93E54242CC16300A1C83D /* ViewController.swift in Sources */,
				76C93E40242BF3AA00A1C83D /* FriendTableViewCell.swift in Sources */,
				76C93E2D242BC05200A1C83D /* Dictionary+Extension.swift in Sources */,
				76C93E3E242BEB0B00A1C83D /* Friend.swift in Sources */,
				76C93E3A242BE85700A1C83D /* FriendsService.swift in Sources */,
				76C93E3C242BE8D500A1C83D /* FriendsRequestParam.swift in Sources */,
				76C93E58242CC9FE00A1C83D /* NetworkReachability.swift in Sources */,
				76C93E25242BA6CF00A1C83D /* NetworkService.swift in Sources */,
				76C93E1A242B8C1000A1C83D /* UITextField+Extension.swift in Sources */,
				76C93E4C242C828700A1C83D /* MemberOnlineStatus.swift in Sources */,
				76C93E43242BFA0900A1C83D /* UIImage+Extention.swift in Sources */,
				76C93E27242BB18500A1C83D /* LoginService.swift in Sources */,
				76C93E4E242C98DB00A1C83D /* UserDataView.swift in Sources */,
				76C93E36242BDDD500A1C83D /* FriendsTableViewController.swift in Sources */,
				76C93E1F242BA0EB00A1C83D /* User.swift in Sources */,
				76C93DD9242A606300A1C83D /* AppDelegate.swift in Sources */,
				76C93DDB242A606300A1C83D /* SceneDelegate.swift in Sources */,
				76C93E1C242B94EA00A1C83D /* LoginViewModel.swift in Sources */,
				76C93E32242BCB0400A1C83D /* LoginResponse.swift in Sources */,
			);
			runOnlyForDeploymentPostprocessing = 0;
		};
		76C93DE7242A606400A1C83D /* Sources */ = {
			isa = PBXSourcesBuildPhase;
			buildActionMask = 2147483647;
			files = (
				76C93DF0242A606400A1C83D /* DStv_Chat_Client_SwiftTests.swift in Sources */,
			);
			runOnlyForDeploymentPostprocessing = 0;
		};
		76C93DF2242A606500A1C83D /* Sources */ = {
			isa = PBXSourcesBuildPhase;
			buildActionMask = 2147483647;
			files = (
				76C93DFB242A606500A1C83D /* DStv_Chat_Client_SwiftUITests.swift in Sources */,
			);
			runOnlyForDeploymentPostprocessing = 0;
		};
/* End PBXSourcesBuildPhase section */

/* Begin PBXTargetDependency section */
		76C93DED242A606400A1C83D /* PBXTargetDependency */ = {
			isa = PBXTargetDependency;
			target = 76C93DD4242A606300A1C83D /* DStv-Chat-Client-Swift */;
			targetProxy = 76C93DEC242A606400A1C83D /* PBXContainerItemProxy */;
		};
		76C93DF8242A606500A1C83D /* PBXTargetDependency */ = {
			isa = PBXTargetDependency;
			target = 76C93DD4242A606300A1C83D /* DStv-Chat-Client-Swift */;
			targetProxy = 76C93DF7242A606500A1C83D /* PBXContainerItemProxy */;
		};
/* End PBXTargetDependency section */

/* Begin XCBuildConfiguration section */
		76C93DFD242A606500A1C83D /* Debug */ = {
			isa = XCBuildConfiguration;
			buildSettings = {
				ALWAYS_SEARCH_USER_PATHS = NO;
				CLANG_ANALYZER_NONNULL = YES;
				CLANG_ANALYZER_NUMBER_OBJECT_CONVERSION = YES_AGGRESSIVE;
				CLANG_CXX_LANGUAGE_STANDARD = "gnu++14";
				CLANG_CXX_LIBRARY = "libc++";
				CLANG_ENABLE_MODULES = YES;
				CLANG_ENABLE_OBJC_ARC = YES;
				CLANG_ENABLE_OBJC_WEAK = YES;
				CLANG_WARN_BLOCK_CAPTURE_AUTORELEASING = YES;
				CLANG_WARN_BOOL_CONVERSION = YES;
				CLANG_WARN_COMMA = YES;
				CLANG_WARN_CONSTANT_CONVERSION = YES;
				CLANG_WARN_DEPRECATED_OBJC_IMPLEMENTATIONS = YES;
				CLANG_WARN_DIRECT_OBJC_ISA_USAGE = YES_ERROR;
				CLANG_WARN_DOCUMENTATION_COMMENTS = YES;
				CLANG_WARN_EMPTY_BODY = YES;
				CLANG_WARN_ENUM_CONVERSION = YES;
				CLANG_WARN_INFINITE_RECURSION = YES;
				CLANG_WARN_INT_CONVERSION = YES;
				CLANG_WARN_NON_LITERAL_NULL_CONVERSION = YES;
				CLANG_WARN_OBJC_IMPLICIT_RETAIN_SELF = YES;
				CLANG_WARN_OBJC_LITERAL_CONVERSION = YES;
				CLANG_WARN_OBJC_ROOT_CLASS = YES_ERROR;
				CLANG_WARN_RANGE_LOOP_ANALYSIS = YES;
				CLANG_WARN_STRICT_PROTOTYPES = YES;
				CLANG_WARN_SUSPICIOUS_MOVE = YES;
				CLANG_WARN_UNGUARDED_AVAILABILITY = YES_AGGRESSIVE;
				CLANG_WARN_UNREACHABLE_CODE = YES;
				CLANG_WARN__DUPLICATE_METHOD_MATCH = YES;
				COPY_PHASE_STRIP = NO;
				DEBUG_INFORMATION_FORMAT = dwarf;
				ENABLE_STRICT_OBJC_MSGSEND = YES;
				ENABLE_TESTABILITY = YES;
				GCC_C_LANGUAGE_STANDARD = gnu11;
				GCC_DYNAMIC_NO_PIC = NO;
				GCC_NO_COMMON_BLOCKS = YES;
				GCC_OPTIMIZATION_LEVEL = 0;
				GCC_PREPROCESSOR_DEFINITIONS = (
					"DEBUG=1",
					"$(inherited)",
				);
				GCC_WARN_64_TO_32_BIT_CONVERSION = YES;
				GCC_WARN_ABOUT_RETURN_TYPE = YES_ERROR;
				GCC_WARN_UNDECLARED_SELECTOR = YES;
				GCC_WARN_UNINITIALIZED_AUTOS = YES_AGGRESSIVE;
				GCC_WARN_UNUSED_FUNCTION = YES;
				GCC_WARN_UNUSED_VARIABLE = YES;
				IPHONEOS_DEPLOYMENT_TARGET = 13.2;
				MTL_ENABLE_DEBUG_INFO = INCLUDE_SOURCE;
				MTL_FAST_MATH = YES;
				ONLY_ACTIVE_ARCH = YES;
				SDKROOT = iphoneos;
				SWIFT_ACTIVE_COMPILATION_CONDITIONS = DEBUG;
				SWIFT_OPTIMIZATION_LEVEL = "-Onone";
			};
			name = Debug;
		};
		76C93DFE242A606500A1C83D /* Release */ = {
			isa = XCBuildConfiguration;
			buildSettings = {
				ALWAYS_SEARCH_USER_PATHS = NO;
				CLANG_ANALYZER_NONNULL = YES;
				CLANG_ANALYZER_NUMBER_OBJECT_CONVERSION = YES_AGGRESSIVE;
				CLANG_CXX_LANGUAGE_STANDARD = "gnu++14";
				CLANG_CXX_LIBRARY = "libc++";
				CLANG_ENABLE_MODULES = YES;
				CLANG_ENABLE_OBJC_ARC = YES;
				CLANG_ENABLE_OBJC_WEAK = YES;
				CLANG_WARN_BLOCK_CAPTURE_AUTORELEASING = YES;
				CLANG_WARN_BOOL_CONVERSION = YES;
				CLANG_WARN_COMMA = YES;
				CLANG_WARN_CONSTANT_CONVERSION = YES;
				CLANG_WARN_DEPRECATED_OBJC_IMPLEMENTATIONS = YES;
				CLANG_WARN_DIRECT_OBJC_ISA_USAGE = YES_ERROR;
				CLANG_WARN_DOCUMENTATION_COMMENTS = YES;
				CLANG_WARN_EMPTY_BODY = YES;
				CLANG_WARN_ENUM_CONVERSION = YES;
				CLANG_WARN_INFINITE_RECURSION = YES;
				CLANG_WARN_INT_CONVERSION = YES;
				CLANG_WARN_NON_LITERAL_NULL_CONVERSION = YES;
				CLANG_WARN_OBJC_IMPLICIT_RETAIN_SELF = YES;
				CLANG_WARN_OBJC_LITERAL_CONVERSION = YES;
				CLANG_WARN_OBJC_ROOT_CLASS = YES_ERROR;
				CLANG_WARN_RANGE_LOOP_ANALYSIS = YES;
				CLANG_WARN_STRICT_PROTOTYPES = YES;
				CLANG_WARN_SUSPICIOUS_MOVE = YES;
				CLANG_WARN_UNGUARDED_AVAILABILITY = YES_AGGRESSIVE;
				CLANG_WARN_UNREACHABLE_CODE = YES;
				CLANG_WARN__DUPLICATE_METHOD_MATCH = YES;
				COPY_PHASE_STRIP = NO;
				DEBUG_INFORMATION_FORMAT = "dwarf-with-dsym";
				ENABLE_NS_ASSERTIONS = NO;
				ENABLE_STRICT_OBJC_MSGSEND = YES;
				GCC_C_LANGUAGE_STANDARD = gnu11;
				GCC_NO_COMMON_BLOCKS = YES;
				GCC_WARN_64_TO_32_BIT_CONVERSION = YES;
				GCC_WARN_ABOUT_RETURN_TYPE = YES_ERROR;
				GCC_WARN_UNDECLARED_SELECTOR = YES;
				GCC_WARN_UNINITIALIZED_AUTOS = YES_AGGRESSIVE;
				GCC_WARN_UNUSED_FUNCTION = YES;
				GCC_WARN_UNUSED_VARIABLE = YES;
				IPHONEOS_DEPLOYMENT_TARGET = 13.2;
				MTL_ENABLE_DEBUG_INFO = NO;
				MTL_FAST_MATH = YES;
				SDKROOT = iphoneos;
				SWIFT_COMPILATION_MODE = wholemodule;
				SWIFT_OPTIMIZATION_LEVEL = "-O";
				VALIDATE_PRODUCT = YES;
			};
			name = Release;
		};
		76C93E00242A606500A1C83D /* Debug */ = {
			isa = XCBuildConfiguration;
			buildSettings = {
				ASSETCATALOG_COMPILER_APPICON_NAME = AppIcon;
				CODE_SIGN_STYLE = Automatic;
				DEVELOPMENT_TEAM = FRJX7NHZKF;
				INFOPLIST_FILE = "DStv-Chat-Client-Swift/Info.plist";
				LD_RUNPATH_SEARCH_PATHS = (
					"$(inherited)",
					"@executable_path/Frameworks",
				);
				PRODUCT_BUNDLE_IDENTIFIER = "mhou.tech.com.DStv-Chat-Client-Swift";
				PRODUCT_NAME = "$(TARGET_NAME)";
				SWIFT_VERSION = 5.0;
				TARGETED_DEVICE_FAMILY = "1,2";
			};
			name = Debug;
		};
		76C93E01242A606500A1C83D /* Release */ = {
			isa = XCBuildConfiguration;
			buildSettings = {
				ASSETCATALOG_COMPILER_APPICON_NAME = AppIcon;
				CODE_SIGN_STYLE = Automatic;
				DEVELOPMENT_TEAM = FRJX7NHZKF;
				INFOPLIST_FILE = "DStv-Chat-Client-Swift/Info.plist";
				LD_RUNPATH_SEARCH_PATHS = (
					"$(inherited)",
					"@executable_path/Frameworks",
				);
				PRODUCT_BUNDLE_IDENTIFIER = "mhou.tech.com.DStv-Chat-Client-Swift";
				PRODUCT_NAME = "$(TARGET_NAME)";
				SWIFT_VERSION = 5.0;
				TARGETED_DEVICE_FAMILY = "1,2";
			};
			name = Release;
		};
		76C93E03242A606500A1C83D /* Debug */ = {
			isa = XCBuildConfiguration;
			buildSettings = {
				ALWAYS_EMBED_SWIFT_STANDARD_LIBRARIES = YES;
				BUNDLE_LOADER = "$(TEST_HOST)";
				CODE_SIGN_STYLE = Automatic;
				INFOPLIST_FILE = "DStv-Chat-Client-SwiftTests/Info.plist";
				IPHONEOS_DEPLOYMENT_TARGET = 13.2;
				LD_RUNPATH_SEARCH_PATHS = (
					"$(inherited)",
					"@executable_path/Frameworks",
					"@loader_path/Frameworks",
				);
				PRODUCT_BUNDLE_IDENTIFIER = "mhou.tech.com.DStv-Chat-Client-SwiftTests";
				PRODUCT_NAME = "$(TARGET_NAME)";
				SWIFT_VERSION = 5.0;
				TARGETED_DEVICE_FAMILY = "1,2";
				TEST_HOST = "$(BUILT_PRODUCTS_DIR)/DStv-Chat-Client-Swift.app/DStv-Chat-Client-Swift";
			};
			name = Debug;
		};
		76C93E04242A606500A1C83D /* Release */ = {
			isa = XCBuildConfiguration;
			buildSettings = {
				ALWAYS_EMBED_SWIFT_STANDARD_LIBRARIES = YES;
				BUNDLE_LOADER = "$(TEST_HOST)";
				CODE_SIGN_STYLE = Automatic;
				INFOPLIST_FILE = "DStv-Chat-Client-SwiftTests/Info.plist";
				IPHONEOS_DEPLOYMENT_TARGET = 13.2;
				LD_RUNPATH_SEARCH_PATHS = (
					"$(inherited)",
					"@executable_path/Frameworks",
					"@loader_path/Frameworks",
				);
				PRODUCT_BUNDLE_IDENTIFIER = "mhou.tech.com.DStv-Chat-Client-SwiftTests";
				PRODUCT_NAME = "$(TARGET_NAME)";
				SWIFT_VERSION = 5.0;
				TARGETED_DEVICE_FAMILY = "1,2";
				TEST_HOST = "$(BUILT_PRODUCTS_DIR)/DStv-Chat-Client-Swift.app/DStv-Chat-Client-Swift";
			};
			name = Release;
		};
		76C93E06242A606500A1C83D /* Debug */ = {
			isa = XCBuildConfiguration;
			buildSettings = {
				ALWAYS_EMBED_SWIFT_STANDARD_LIBRARIES = YES;
				CODE_SIGN_STYLE = Automatic;
				INFOPLIST_FILE = "DStv-Chat-Client-SwiftUITests/Info.plist";
				LD_RUNPATH_SEARCH_PATHS = (
					"$(inherited)",
					"@executable_path/Frameworks",
					"@loader_path/Frameworks",
				);
				PRODUCT_BUNDLE_IDENTIFIER = "mhou.tech.com.DStv-Chat-Client-SwiftUITests";
				PRODUCT_NAME = "$(TARGET_NAME)";
				SWIFT_VERSION = 5.0;
				TARGETED_DEVICE_FAMILY = "1,2";
				TEST_TARGET_NAME = "DStv-Chat-Client-Swift";
			};
			name = Debug;
		};
		76C93E07242A606500A1C83D /* Release */ = {
			isa = XCBuildConfiguration;
			buildSettings = {
				ALWAYS_EMBED_SWIFT_STANDARD_LIBRARIES = YES;
				CODE_SIGN_STYLE = Automatic;
				INFOPLIST_FILE = "DStv-Chat-Client-SwiftUITests/Info.plist";
				LD_RUNPATH_SEARCH_PATHS = (
					"$(inherited)",
					"@executable_path/Frameworks",
					"@loader_path/Frameworks",
				);
				PRODUCT_BUNDLE_IDENTIFIER = "mhou.tech.com.DStv-Chat-Client-SwiftUITests";
				PRODUCT_NAME = "$(TARGET_NAME)";
				SWIFT_VERSION = 5.0;
				TARGETED_DEVICE_FAMILY = "1,2";
				TEST_TARGET_NAME = "DStv-Chat-Client-Swift";
			};
			name = Release;
		};
/* End XCBuildConfiguration section */

/* Begin XCConfigurationList section */
		76C93DD0242A606300A1C83D /* Build configuration list for PBXProject "DStv-Chat-Client-Swift" */ = {
			isa = XCConfigurationList;
			buildConfigurations = (
				76C93DFD242A606500A1C83D /* Debug */,
				76C93DFE242A606500A1C83D /* Release */,
			);
			defaultConfigurationIsVisible = 0;
			defaultConfigurationName = Release;
		};
		76C93DFF242A606500A1C83D /* Build configuration list for PBXNativeTarget "DStv-Chat-Client-Swift" */ = {
			isa = XCConfigurationList;
			buildConfigurations = (
				76C93E00242A606500A1C83D /* Debug */,
				76C93E01242A606500A1C83D /* Release */,
			);
			defaultConfigurationIsVisible = 0;
			defaultConfigurationName = Release;
		};
		76C93E02242A606500A1C83D /* Build configuration list for PBXNativeTarget "DStv-Chat-Client-SwiftTests" */ = {
			isa = XCConfigurationList;
			buildConfigurations = (
				76C93E03242A606500A1C83D /* Debug */,
				76C93E04242A606500A1C83D /* Release */,
			);
			defaultConfigurationIsVisible = 0;
			defaultConfigurationName = Release;
		};
		76C93E05242A606500A1C83D /* Build configuration list for PBXNativeTarget "DStv-Chat-Client-SwiftUITests" */ = {
			isa = XCConfigurationList;
			buildConfigurations = (
				76C93E06242A606500A1C83D /* Debug */,
				76C93E07242A606500A1C83D /* Release */,
			);
			defaultConfigurationIsVisible = 0;
			defaultConfigurationName = Release;
		};
/* End XCConfigurationList section */
	};
	rootObject = 76C93DCD242A606300A1C83D /* Project object */;
}
